
Microsoft Visual Studio Solution File, Format Version 12.00
# Visual Studio Version 17
VisualStudioVersion = 17.4.33205.214
MinimumVisualStudioVersion = 10.0.40219.1
Project("{FAE04EC0-301F-11D3-BF4B-00C04F79EFBC}") = "UsoCoches", "UsoCoches\UsoCoches.csproj", "{FB7D1F51-378B-429A-A60F-8809E7354764}"
EndProject
Global
	GlobalSection(SolutionConfigurationPlatforms) = preSolution
		Debug|Any CPU = Debug|Any CPU
		Release|Any CPU = Release|Any CPU
	EndGlobalSection
	GlobalSection(ProjectConfigurationPlatforms) = postSolution
		{FB7D1F51-378B-429A-A60F-8809E7354764}.Debug|Any CPU.ActiveCfg = Debug|Any CPU
		{FB7D1F51-378B-429A-A60F-8809E7354764}.Debug|Any CPU.Build.0 = Debug|Any CPU
		{FB7D1F51-378B-429A-A60F-8809E7354764}.Release|Any CPU.ActiveCfg = Release|Any CPU
		{FB7D1F51-378B-429A-A60F-8809E7354764}.Release|Any CPU.Build.0 = Release|Any CPU
	EndGlobalSection
	GlobalSection(SolutionProperties) = preSolution
		HideSolutionNode = FALSE
	EndGlobalSection
	GlobalSection(ExtensibilityGlobals) = postSolution
		SolutionGuid = {82BC078D-8696-45D1-9C50-189F98187FAA}
	EndGlobalSection
EndGlobal
